
Microsoft Visual Studio Solution File, Format Version 12.00
# Visual Studio Version 16
VisualStudioVersion = 16.0.31410.357
MinimumVisualStudioVersion = 10.0.40219.1
Project("{FAE04EC0-301F-11D3-BF4B-00C04F79EFBC}") = "STLEdit", "STLEdit\STLEdit.csproj", "{3ADFE965-F8D6-452A-B181-163C4190857D}"
EndProject
Global
	GlobalSection(SolutionConfigurationPlatforms) = preSolution
		Debug|Any CPU = Debug|Any CPU
		Release|Any CPU = Release|Any CPU
	EndGlobalSection
	GlobalSection(ProjectConfigurationPlatforms) = postSolution
		{3ADFE965-F8D6-452A-B181-163C4190857D}.Debug|Any CPU.ActiveCfg = Debug|Any CPU
		{3ADFE965-F8D6-452A-B181-163C4190857D}.Debug|Any CPU.Build.0 = Debug|Any CPU
		{3ADFE965-F8D6-452A-B181-163C4190857D}.Release|Any CPU.ActiveCfg = Release|Any CPU
		{3ADFE965-F8D6-452A-B181-163C4190857D}.Release|Any CPU.Build.0 = Release|Any CPU
	EndGlobalSection
	GlobalSection(SolutionProperties) = preSolution
		HideSolutionNode = FALSE
	EndGlobalSection
	GlobalSection(ExtensibilityGlobals) = postSolution
		SolutionGuid = {F78FA451-912F-4D4C-9D15-58E01F44B41E}
	EndGlobalSection
EndGlobal
